
Microsoft Visual Studio Solution File, Format Version 12.00
# Visual Studio Version 17
VisualStudioVersion = 17.0.31903.59
MinimumVisualStudioVersion = 10.0.40219.1
Project("{FAE04EC0-301F-11D3-BF4B-00C04F79EFBC}") = "AIAgentFramework.Core", "src\Core\AIAgentFramework.Core\AIAgentFramework.Core.csproj", "{5242B047-0260-4031-B12B-6AA8A021D475}"
EndProject
Project("{FAE04EC0-301F-11D3-BF4B-00C04F79EFBC}") = "AIAgentFramework.LLM", "src\Core\AIAgentFramework.LLM\AIAgentFramework.LLM.csproj", "{7A9E3DBD-DDC6-4BC8-B62C-B605DEE757AA}"
EndProject
Project("{FAE04EC0-301F-11D3-BF4B-00C04F79EFBC}") = "AIAgentFramework.Tools", "src\Core\AIAgentFramework.Tools\AIAgentFramework.Tools.csproj", "{4DBF0261-8078-4C7D-99E1-6C57D3AE5633}"
EndProject
Project("{FAE04EC0-301F-11D3-BF4B-00C04F79EFBC}") = "AIAgentFramework.Registry", "src\Core\AIAgentFramework.Registry\AIAgentFramework.Registry.csproj", "{3AD83C7C-7917-4E8A-BEB5-487FCA251D7C}"
EndProject
Project("{FAE04EC0-301F-11D3-BF4B-00C04F79EFBC}") = "AIAgentFramework.Orchestration", "src\Core\AIAgentFramework.Orchestration\AIAgentFramework.Orchestration.csproj", "{30C42933-848B-4080-954F-045582822CB5}"
EndProject
Project("{FAE04EC0-301F-11D3-BF4B-00C04F79EFBC}") = "AIAgentFramework.Configuration", "src\Infrastructure\AIAgentFramework.Configuration\AIAgentFramework.Configuration.csproj", "{B0621201-EBC9-4AA1-A813-257D778FD92A}"
EndProject
Project("{FAE04EC0-301F-11D3-BF4B-00C04F79EFBC}") = "AIAgentFramework.ErrorHandling", "src\Infrastructure\AIAgentFramework.ErrorHandling\AIAgentFramework.ErrorHandling.csproj", "{3DA436E4-59F8-4D85-A337-6F1AA7B48A32}"
EndProject
Project("{FAE04EC0-301F-11D3-BF4B-00C04F79EFBC}") = "AIAgentFramework.State", "src\Infrastructure\AIAgentFramework.State\AIAgentFramework.State.csproj", "{E1F2A3B4-5C6D-7E8F-9A0B-1C2D3E4F5A6B}"
EndProject
Project("{FAE04EC0-301F-11D3-BF4B-00C04F79EFBC}") = "AIAgentFramework.WebAPI", "src\Applications\AIAgentFramework.WebAPI\AIAgentFramework.WebAPI.csproj", "{308DC992-38B0-49A9-A719-F21F2E561E22}"
EndProject
Project("{FAE04EC0-301F-11D3-BF4B-00C04F79EFBC}") = "AIAgentFramework.Console", "src\Applications\AIAgentFramework.Console\AIAgentFramework.Console.csproj", "{868C7704-9649-44C9-9C74-1A7E23702AE0}"
EndProject
Global
	GlobalSection(SolutionConfigurationPlatforms) = preSolution
		Debug|Any CPU = Debug|Any CPU
		Release|Any CPU = Release|Any CPU
	EndGlobalSection
	GlobalSection(ProjectConfigurationPlatforms) = postSolution
		{5242B047-0260-4031-B12B-6AA8A021D475}.Debug|Any CPU.ActiveCfg = Debug|Any CPU
		{5242B047-0260-4031-B12B-6AA8A021D475}.Debug|Any CPU.Build.0 = Debug|Any CPU
		{5242B047-0260-4031-B12B-6AA8A021D475}.Release|Any CPU.ActiveCfg = Release|Any CPU
		{5242B047-0260-4031-B12B-6AA8A021D475}.Release|Any CPU.Build.0 = Release|Any CPU
		{7A9E3DBD-DDC6-4BC8-B62C-B605DEE757AA}.Debug|Any CPU.ActiveCfg = Debug|Any CPU
		{7A9E3DBD-DDC6-4BC8-B62C-B605DEE757AA}.Debug|Any CPU.Build.0 = Debug|Any CPU
		{7A9E3DBD-DDC6-4BC8-B62C-B605DEE757AA}.Release|Any CPU.ActiveCfg = Release|Any CPU
		{7A9E3DBD-DDC6-4BC8-B62C-B605DEE757AA}.Release|Any CPU.Build.0 = Release|Any CPU
		{4DBF0261-8078-4C7D-99E1-6C57D3AE5633}.Debug|Any CPU.ActiveCfg = Debug|Any CPU
		{4DBF0261-8078-4C7D-99E1-6C57D3AE5633}.Debug|Any CPU.Build.0 = Debug|Any CPU
		{4DBF0261-8078-4C7D-99E1-6C57D3AE5633}.Release|Any CPU.ActiveCfg = Release|Any CPU
		{4DBF0261-8078-4C7D-99E1-6C57D3AE5633}.Release|Any CPU.Build.0 = Release|Any CPU
		{3AD83C7C-7917-4E8A-BEB5-487FCA251D7C}.Debug|Any CPU.ActiveCfg = Debug|Any CPU
		{3AD83C7C-7917-4E8A-BEB5-487FCA251D7C}.Debug|Any CPU.Build.0 = Debug|Any CPU
		{3AD83C7C-7917-4E8A-BEB5-487FCA251D7C}.Release|Any CPU.ActiveCfg = Release|Any CPU
		{3AD83C7C-7917-4E8A-BEB5-487FCA251D7C}.Release|Any CPU.Build.0 = Release|Any CPU
		{30C42933-848B-4080-954F-045582822CB5}.Debug|Any CPU.ActiveCfg = Debug|Any CPU
		{30C42933-848B-4080-954F-045582822CB5}.Debug|Any CPU.Build.0 = Debug|Any CPU
		{30C42933-848B-4080-954F-045582822CB5}.Release|Any CPU.ActiveCfg = Release|Any CPU
		{30C42933-848B-4080-954F-045582822CB5}.Release|Any CPU.Build.0 = Release|Any CPU
		{B0621201-EBC9-4AA1-A813-257D778FD92A}.Debug|Any CPU.ActiveCfg = Debug|Any CPU
		{B0621201-EBC9-4AA1-A813-257D778FD92A}.Debug|Any CPU.Build.0 = Debug|Any CPU
		{B0621201-EBC9-4AA1-A813-257D778FD92A}.Release|Any CPU.ActiveCfg = Release|Any CPU
		{B0621201-EBC9-4AA1-A813-257D778FD92A}.Release|Any CPU.Build.0 = Release|Any CPU
		{3DA436E4-59F8-4D85-A337-6F1AA7B48A32}.Debug|Any CPU.ActiveCfg = Debug|Any CPU
		{3DA436E4-59F8-4D85-A337-6F1AA7B48A32}.Debug|Any CPU.Build.0 = Debug|Any CPU
		{3DA436E4-59F8-4D85-A337-6F1AA7B48A32}.Release|Any CPU.ActiveCfg = Release|Any CPU
		{3DA436E4-59F8-4D85-A337-6F1AA7B48A32}.Release|Any CPU.Build.0 = Release|Any CPU
		{E1F2A3B4-5C6D-7E8F-9A0B-1C2D3E4F5A6B}.Debug|Any CPU.ActiveCfg = Debug|Any CPU
		{E1F2A3B4-5C6D-7E8F-9A0B-1C2D3E4F5A6B}.Debug|Any CPU.Build.0 = Debug|Any CPU
		{E1F2A3B4-5C6D-7E8F-9A0B-1C2D3E4F5A6B}.Release|Any CPU.ActiveCfg = Release|Any CPU
		{E1F2A3B4-5C6D-7E8F-9A0B-1C2D3E4F5A6B}.Release|Any CPU.Build.0 = Release|Any CPU
		{308DC992-38B0-49A9-A719-F21F2E561E22}.Debug|Any CPU.ActiveCfg = Debug|Any CPU
		{308DC992-38B0-49A9-A719-F21F2E561E22}.Debug|Any CPU.Build.0 = Debug|Any CPU
		{308DC992-38B0-49A9-A719-F21F2E561E22}.Release|Any CPU.ActiveCfg = Release|Any CPU
		{308DC992-38B0-49A9-A719-F21F2E561E22}.Release|Any CPU.Build.0 = Release|Any CPU
		{868C7704-9649-44C9-9C74-1A7E23702AE0}.Debug|Any CPU.ActiveCfg = Debug|Any CPU
		{868C7704-9649-44C9-9C74-1A7E23702AE0}.Debug|Any CPU.Build.0 = Debug|Any CPU
		{868C7704-9649-44C9-9C74-1A7E23702AE0}.Release|Any CPU.ActiveCfg = Release|Any CPU
		{868C7704-9649-44C9-9C74-1A7E23702AE0}.Release|Any CPU.Build.0 = Release|Any CPU
	EndGlobalSection
	GlobalSection(SolutionProperties) = preSolution
		HideSolutionNode = FALSE
	EndGlobalSection
EndGlobal
