
Microsoft Visual Studio Solution File, Format Version 12.00
# Visual Studio Version 17
VisualStudioVersion = 17.0.31903.59
MinimumVisualStudioVersion = 10.0.40219.1
Project("{FAE04EC0-301F-11D3-BF4B-00C04F79EFBC}") = "AIAgentFramework.Core", "src\Core\AIAgentFramework.Core\AIAgentFramework.Core.csproj", "{5242B047-0260-4031-B12B-6AA8A021D475}"
EndProject
Project("{FAE04EC0-301F-11D3-BF4B-00C04F79EFBC}") = "AIAgentFramework.LLM", "src\Core\AIAgentFramework.LLM\AIAgentFramework.LLM.csproj", "{7A9E3DBD-DDC6-4BC8-B62C-B605DEE757AA}"
EndProject
Project("{FAE04EC0-301F-11D3-BF4B-00C04F79EFBC}") = "AIAgentFramework.Tools", "src\Core\AIAgentFramework.Tools\AIAgentFramework.Tools.csproj", "{4DBF0261-8078-4C7D-99E1-6C57D3AE5633}"
EndProject
Project("{2150E333-8FDC-42A3-9474-1A3956D46DE8}") = "src", "src", "{827E0CD3-B72D-47B6-A68D-7590B98EB39B}"
EndProject
Project("{2150E333-8FDC-42A3-9474-1A3956D46DE8}") = "Core", "Core", "{A1B2C3D4-E5F6-7890-1234-567890ABCDEF}"
EndProject
Project("{2150E333-8FDC-42A3-9474-1A3956D46DE8}") = "Apps", "Apps", "{AD2A5A3B-A595-3E96-334A-002D08FE630C}"
EndProject
Project("{FAE04EC0-301F-11D3-BF4B-00C04F79EFBC}") = "AIAgentFramework.Console", "src\Apps\AIAgentFramework.Console\AIAgentFramework.Console.csproj", "{B217DF97-4ABB-49BB-8B80-06FF2BB77439}"
EndProject
Project("{FAE04EC0-301F-11D3-BF4B-00C04F79EFBC}") = "AIAgentFramework.Execution", "src\Core\AIAgentFramework.Execution\AIAgentFramework.Execution.csproj", "{7CFCBC71-5D58-444C-937E-7B0BBE297AC8}"
EndProject
Project("{FAE04EC0-301F-11D3-BF4B-00C04F79EFBC}") = "AIAgentFramework.OrchestratorTest", "src\Apps\AIAgentFramework.OrchestratorTest\AIAgentFramework.OrchestratorTest.csproj", "{8E358B57-FE54-4218-826F-E30A0E02674C}"
EndProject
Global
	GlobalSection(SolutionConfigurationPlatforms) = preSolution
		Debug|Any CPU = Debug|Any CPU
		Debug|x64 = Debug|x64
		Debug|x86 = Debug|x86
		Release|Any CPU = Release|Any CPU
		Release|x64 = Release|x64
		Release|x86 = Release|x86
	EndGlobalSection
	GlobalSection(ProjectConfigurationPlatforms) = postSolution
		{5242B047-0260-4031-B12B-6AA8A021D475}.Debug|Any CPU.ActiveCfg = Debug|Any CPU
		{5242B047-0260-4031-B12B-6AA8A021D475}.Debug|Any CPU.Build.0 = Debug|Any CPU
		{5242B047-0260-4031-B12B-6AA8A021D475}.Debug|x64.ActiveCfg = Debug|Any CPU
		{5242B047-0260-4031-B12B-6AA8A021D475}.Debug|x64.Build.0 = Debug|Any CPU
		{5242B047-0260-4031-B12B-6AA8A021D475}.Debug|x86.ActiveCfg = Debug|Any CPU
		{5242B047-0260-4031-B12B-6AA8A021D475}.Debug|x86.Build.0 = Debug|Any CPU
		{5242B047-0260-4031-B12B-6AA8A021D475}.Release|Any CPU.ActiveCfg = Release|Any CPU
		{5242B047-0260-4031-B12B-6AA8A021D475}.Release|Any CPU.Build.0 = Release|Any CPU
		{5242B047-0260-4031-B12B-6AA8A021D475}.Release|x64.ActiveCfg = Release|Any CPU
		{5242B047-0260-4031-B12B-6AA8A021D475}.Release|x64.Build.0 = Release|Any CPU
		{5242B047-0260-4031-B12B-6AA8A021D475}.Release|x86.ActiveCfg = Release|Any CPU
		{5242B047-0260-4031-B12B-6AA8A021D475}.Release|x86.Build.0 = Release|Any CPU
		{7A9E3DBD-DDC6-4BC8-B62C-B605DEE757AA}.Debug|Any CPU.ActiveCfg = Debug|Any CPU
		{7A9E3DBD-DDC6-4BC8-B62C-B605DEE757AA}.Debug|Any CPU.Build.0 = Debug|Any CPU
		{7A9E3DBD-DDC6-4BC8-B62C-B605DEE757AA}.Debug|x64.ActiveCfg = Debug|Any CPU
		{7A9E3DBD-DDC6-4BC8-B62C-B605DEE757AA}.Debug|x64.Build.0 = Debug|Any CPU
		{7A9E3DBD-DDC6-4BC8-B62C-B605DEE757AA}.Debug|x86.ActiveCfg = Debug|Any CPU
		{7A9E3DBD-DDC6-4BC8-B62C-B605DEE757AA}.Debug|x86.Build.0 = Debug|Any CPU
		{7A9E3DBD-DDC6-4BC8-B62C-B605DEE757AA}.Release|Any CPU.ActiveCfg = Release|Any CPU
		{7A9E3DBD-DDC6-4BC8-B62C-B605DEE757AA}.Release|Any CPU.Build.0 = Release|Any CPU
		{7A9E3DBD-DDC6-4BC8-B62C-B605DEE757AA}.Release|x64.ActiveCfg = Release|Any CPU
		{7A9E3DBD-DDC6-4BC8-B62C-B605DEE757AA}.Release|x64.Build.0 = Release|Any CPU
		{7A9E3DBD-DDC6-4BC8-B62C-B605DEE757AA}.Release|x86.ActiveCfg = Release|Any CPU
		{7A9E3DBD-DDC6-4BC8-B62C-B605DEE757AA}.Release|x86.Build.0 = Release|Any CPU
		{4DBF0261-8078-4C7D-99E1-6C57D3AE5633}.Debug|Any CPU.ActiveCfg = Debug|Any CPU
		{4DBF0261-8078-4C7D-99E1-6C57D3AE5633}.Debug|Any CPU.Build.0 = Debug|Any CPU
		{4DBF0261-8078-4C7D-99E1-6C57D3AE5633}.Debug|x64.ActiveCfg = Debug|Any CPU
		{4DBF0261-8078-4C7D-99E1-6C57D3AE5633}.Debug|x64.Build.0 = Debug|Any CPU
		{4DBF0261-8078-4C7D-99E1-6C57D3AE5633}.Debug|x86.ActiveCfg = Debug|Any CPU
		{4DBF0261-8078-4C7D-99E1-6C57D3AE5633}.Debug|x86.Build.0 = Debug|Any CPU
		{4DBF0261-8078-4C7D-99E1-6C57D3AE5633}.Release|Any CPU.ActiveCfg = Release|Any CPU
		{4DBF0261-8078-4C7D-99E1-6C57D3AE5633}.Release|Any CPU.Build.0 = Release|Any CPU
		{4DBF0261-8078-4C7D-99E1-6C57D3AE5633}.Release|x64.ActiveCfg = Release|Any CPU
		{4DBF0261-8078-4C7D-99E1-6C57D3AE5633}.Release|x64.Build.0 = Release|Any CPU
		{4DBF0261-8078-4C7D-99E1-6C57D3AE5633}.Release|x86.ActiveCfg = Release|Any CPU
		{4DBF0261-8078-4C7D-99E1-6C57D3AE5633}.Release|x86.Build.0 = Release|Any CPU
		{B217DF97-4ABB-49BB-8B80-06FF2BB77439}.Debug|Any CPU.ActiveCfg = Debug|Any CPU
		{B217DF97-4ABB-49BB-8B80-06FF2BB77439}.Debug|Any CPU.Build.0 = Debug|Any CPU
		{B217DF97-4ABB-49BB-8B80-06FF2BB77439}.Debug|x64.ActiveCfg = Debug|Any CPU
		{B217DF97-4ABB-49BB-8B80-06FF2BB77439}.Debug|x64.Build.0 = Debug|Any CPU
		{B217DF97-4ABB-49BB-8B80-06FF2BB77439}.Debug|x86.ActiveCfg = Debug|Any CPU
		{B217DF97-4ABB-49BB-8B80-06FF2BB77439}.Debug|x86.Build.0 = Debug|Any CPU
		{B217DF97-4ABB-49BB-8B80-06FF2BB77439}.Release|Any CPU.ActiveCfg = Release|Any CPU
		{B217DF97-4ABB-49BB-8B80-06FF2BB77439}.Release|Any CPU.Build.0 = Release|Any CPU
		{B217DF97-4ABB-49BB-8B80-06FF2BB77439}.Release|x64.ActiveCfg = Release|Any CPU
		{B217DF97-4ABB-49BB-8B80-06FF2BB77439}.Release|x64.Build.0 = Release|Any CPU
		{B217DF97-4ABB-49BB-8B80-06FF2BB77439}.Release|x86.ActiveCfg = Release|Any CPU
		{B217DF97-4ABB-49BB-8B80-06FF2BB77439}.Release|x86.Build.0 = Release|Any CPU
		{7CFCBC71-5D58-444C-937E-7B0BBE297AC8}.Debug|Any CPU.ActiveCfg = Debug|Any CPU
		{7CFCBC71-5D58-444C-937E-7B0BBE297AC8}.Debug|Any CPU.Build.0 = Debug|Any CPU
		{7CFCBC71-5D58-444C-937E-7B0BBE297AC8}.Debug|x64.ActiveCfg = Debug|Any CPU
		{7CFCBC71-5D58-444C-937E-7B0BBE297AC8}.Debug|x64.Build.0 = Debug|Any CPU
		{7CFCBC71-5D58-444C-937E-7B0BBE297AC8}.Debug|x86.ActiveCfg = Debug|Any CPU
		{7CFCBC71-5D58-444C-937E-7B0BBE297AC8}.Debug|x86.Build.0 = Debug|Any CPU
		{7CFCBC71-5D58-444C-937E-7B0BBE297AC8}.Release|Any CPU.ActiveCfg = Release|Any CPU
		{7CFCBC71-5D58-444C-937E-7B0BBE297AC8}.Release|Any CPU.Build.0 = Release|Any CPU
		{7CFCBC71-5D58-444C-937E-7B0BBE297AC8}.Release|x64.ActiveCfg = Release|Any CPU
		{7CFCBC71-5D58-444C-937E-7B0BBE297AC8}.Release|x64.Build.0 = Release|Any CPU
		{7CFCBC71-5D58-444C-937E-7B0BBE297AC8}.Release|x86.ActiveCfg = Release|Any CPU
		{7CFCBC71-5D58-444C-937E-7B0BBE297AC8}.Release|x86.Build.0 = Release|Any CPU
		{8E358B57-FE54-4218-826F-E30A0E02674C}.Debug|Any CPU.ActiveCfg = Debug|Any CPU
		{8E358B57-FE54-4218-826F-E30A0E02674C}.Debug|Any CPU.Build.0 = Debug|Any CPU
		{8E358B57-FE54-4218-826F-E30A0E02674C}.Debug|x64.ActiveCfg = Debug|Any CPU
		{8E358B57-FE54-4218-826F-E30A0E02674C}.Debug|x64.Build.0 = Debug|Any CPU
		{8E358B57-FE54-4218-826F-E30A0E02674C}.Debug|x86.ActiveCfg = Debug|Any CPU
		{8E358B57-FE54-4218-826F-E30A0E02674C}.Debug|x86.Build.0 = Debug|Any CPU
		{8E358B57-FE54-4218-826F-E30A0E02674C}.Release|Any CPU.ActiveCfg = Release|Any CPU
		{8E358B57-FE54-4218-826F-E30A0E02674C}.Release|Any CPU.Build.0 = Release|Any CPU
		{8E358B57-FE54-4218-826F-E30A0E02674C}.Release|x64.ActiveCfg = Release|Any CPU
		{8E358B57-FE54-4218-826F-E30A0E02674C}.Release|x64.Build.0 = Release|Any CPU
		{8E358B57-FE54-4218-826F-E30A0E02674C}.Release|x86.ActiveCfg = Release|Any CPU
		{8E358B57-FE54-4218-826F-E30A0E02674C}.Release|x86.Build.0 = Release|Any CPU
	EndGlobalSection
	GlobalSection(SolutionProperties) = preSolution
		HideSolutionNode = FALSE
	EndGlobalSection
	GlobalSection(NestedProjects) = preSolution
		{5242B047-0260-4031-B12B-6AA8A021D475} = {A1B2C3D4-E5F6-7890-1234-567890ABCDEF}
		{7A9E3DBD-DDC6-4BC8-B62C-B605DEE757AA} = {A1B2C3D4-E5F6-7890-1234-567890ABCDEF}
		{4DBF0261-8078-4C7D-99E1-6C57D3AE5633} = {A1B2C3D4-E5F6-7890-1234-567890ABCDEF}
		{A1B2C3D4-E5F6-7890-1234-567890ABCDEF} = {827E0CD3-B72D-47B6-A68D-7590B98EB39B}
		{AD2A5A3B-A595-3E96-334A-002D08FE630C} = {827E0CD3-B72D-47B6-A68D-7590B98EB39B}
		{B217DF97-4ABB-49BB-8B80-06FF2BB77439} = {AD2A5A3B-A595-3E96-334A-002D08FE630C}
		{7CFCBC71-5D58-444C-937E-7B0BBE297AC8} = {A1B2C3D4-E5F6-7890-1234-567890ABCDEF}
		{8E358B57-FE54-4218-826F-E30A0E02674C} = {AD2A5A3B-A595-3E96-334A-002D08FE630C}
	EndGlobalSection
EndGlobal
