
Microsoft Visual Studio Solution File, Format Version 12.00
# Visual Studio Version 17
VisualStudioVersion = 17.0.31903.59
MinimumVisualStudioVersion = 10.0.40219.1
Project("{2150E333-8FDC-42A3-9474-1A3956D46DE8}") = "src", "src", "{827E0CD3-B72D-47B6-A68D-7590B98EB39B}"
EndProject
Project("{2150E333-8FDC-42A3-9474-1A3956D46DE8}") = "tests", "tests", "{0AB3BF05-4346-4AA6-1389-037BE0695223}"
EndProject
Project("{FAE04EC0-301F-11D3-BF4B-00C04F79EFBC}") = "Agent.Abstractions.Core", "src\Agent.Abstractions.Core\Agent.Abstractions.Core.csproj", "{B16D72EC-0ABB-401E-8170-83C34922F652}"
EndProject
Project("{FAE04EC0-301F-11D3-BF4B-00C04F79EFBC}") = "Agent.Abstractions.LLM", "src\Agent.Abstractions.LLM\Agent.Abstractions.LLM.csproj", "{734D6467-F99A-48C4-9729-951E8C4E6E4B}"
EndProject
Project("{FAE04EC0-301F-11D3-BF4B-00C04F79EFBC}") = "Agent.Abstractions.Tools", "src\Agent.Abstractions.Tools\Agent.Abstractions.Tools.csproj", "{B7BF7BB8-B805-4AEE-812D-931D1FA11A52}"
EndProject
Project("{FAE04EC0-301F-11D3-BF4B-00C04F79EFBC}") = "Agent.Abstractions.Orchestration", "src\Agent.Abstractions.Orchestration\Agent.Abstractions.Orchestration.csproj", "{A329A4F0-CFB1-4695-8D61-382AA1B1445D}"
EndProject
Global
	GlobalSection(SolutionConfigurationPlatforms) = preSolution
		Debug|Any CPU = Debug|Any CPU
		Debug|x64 = Debug|x64
		Debug|x86 = Debug|x86
		Release|Any CPU = Release|Any CPU
		Release|x64 = Release|x64
		Release|x86 = Release|x86
	EndGlobalSection
	GlobalSection(ProjectConfigurationPlatforms) = postSolution
		{B16D72EC-0ABB-401E-8170-83C34922F652}.Debug|Any CPU.ActiveCfg = Debug|Any CPU
		{B16D72EC-0ABB-401E-8170-83C34922F652}.Debug|Any CPU.Build.0 = Debug|Any CPU
		{B16D72EC-0ABB-401E-8170-83C34922F652}.Debug|x64.ActiveCfg = Debug|Any CPU
		{B16D72EC-0ABB-401E-8170-83C34922F652}.Debug|x64.Build.0 = Debug|Any CPU
		{B16D72EC-0ABB-401E-8170-83C34922F652}.Debug|x86.ActiveCfg = Debug|Any CPU
		{B16D72EC-0ABB-401E-8170-83C34922F652}.Debug|x86.Build.0 = Debug|Any CPU
		{B16D72EC-0ABB-401E-8170-83C34922F652}.Release|Any CPU.ActiveCfg = Release|Any CPU
		{B16D72EC-0ABB-401E-8170-83C34922F652}.Release|Any CPU.Build.0 = Release|Any CPU
		{B16D72EC-0ABB-401E-8170-83C34922F652}.Release|x64.ActiveCfg = Release|Any CPU
		{B16D72EC-0ABB-401E-8170-83C34922F652}.Release|x64.Build.0 = Release|Any CPU
		{B16D72EC-0ABB-401E-8170-83C34922F652}.Release|x86.ActiveCfg = Release|Any CPU
		{B16D72EC-0ABB-401E-8170-83C34922F652}.Release|x86.Build.0 = Release|Any CPU
		{734D6467-F99A-48C4-9729-951E8C4E6E4B}.Debug|Any CPU.ActiveCfg = Debug|Any CPU
		{734D6467-F99A-48C4-9729-951E8C4E6E4B}.Debug|Any CPU.Build.0 = Debug|Any CPU
		{734D6467-F99A-48C4-9729-951E8C4E6E4B}.Debug|x64.ActiveCfg = Debug|Any CPU
		{734D6467-F99A-48C4-9729-951E8C4E6E4B}.Debug|x64.Build.0 = Debug|Any CPU
		{734D6467-F99A-48C4-9729-951E8C4E6E4B}.Debug|x86.ActiveCfg = Debug|Any CPU
		{734D6467-F99A-48C4-9729-951E8C4E6E4B}.Debug|x86.Build.0 = Debug|Any CPU
		{734D6467-F99A-48C4-9729-951E8C4E6E4B}.Release|Any CPU.ActiveCfg = Release|Any CPU
		{734D6467-F99A-48C4-9729-951E8C4E6E4B}.Release|Any CPU.Build.0 = Release|Any CPU
		{734D6467-F99A-48C4-9729-951E8C4E6E4B}.Release|x64.ActiveCfg = Release|Any CPU
		{734D6467-F99A-48C4-9729-951E8C4E6E4B}.Release|x64.Build.0 = Release|Any CPU
		{734D6467-F99A-48C4-9729-951E8C4E6E4B}.Release|x86.ActiveCfg = Release|Any CPU
		{734D6467-F99A-48C4-9729-951E8C4E6E4B}.Release|x86.Build.0 = Release|Any CPU
		{B7BF7BB8-B805-4AEE-812D-931D1FA11A52}.Debug|Any CPU.ActiveCfg = Debug|Any CPU
		{B7BF7BB8-B805-4AEE-812D-931D1FA11A52}.Debug|Any CPU.Build.0 = Debug|Any CPU
		{B7BF7BB8-B805-4AEE-812D-931D1FA11A52}.Debug|x64.ActiveCfg = Debug|Any CPU
		{B7BF7BB8-B805-4AEE-812D-931D1FA11A52}.Debug|x64.Build.0 = Debug|Any CPU
		{B7BF7BB8-B805-4AEE-812D-931D1FA11A52}.Debug|x86.ActiveCfg = Debug|Any CPU
		{B7BF7BB8-B805-4AEE-812D-931D1FA11A52}.Debug|x86.Build.0 = Debug|Any CPU
		{B7BF7BB8-B805-4AEE-812D-931D1FA11A52}.Release|Any CPU.ActiveCfg = Release|Any CPU
		{B7BF7BB8-B805-4AEE-812D-931D1FA11A52}.Release|Any CPU.Build.0 = Release|Any CPU
		{B7BF7BB8-B805-4AEE-812D-931D1FA11A52}.Release|x64.ActiveCfg = Release|Any CPU
		{B7BF7BB8-B805-4AEE-812D-931D1FA11A52}.Release|x64.Build.0 = Release|Any CPU
		{B7BF7BB8-B805-4AEE-812D-931D1FA11A52}.Release|x86.ActiveCfg = Release|Any CPU
		{B7BF7BB8-B805-4AEE-812D-931D1FA11A52}.Release|x86.Build.0 = Release|Any CPU
		{A329A4F0-CFB1-4695-8D61-382AA1B1445D}.Debug|Any CPU.ActiveCfg = Debug|Any CPU
		{A329A4F0-CFB1-4695-8D61-382AA1B1445D}.Debug|Any CPU.Build.0 = Debug|Any CPU
		{A329A4F0-CFB1-4695-8D61-382AA1B1445D}.Debug|x64.ActiveCfg = Debug|Any CPU
		{A329A4F0-CFB1-4695-8D61-382AA1B1445D}.Debug|x64.Build.0 = Debug|Any CPU
		{A329A4F0-CFB1-4695-8D61-382AA1B1445D}.Debug|x86.ActiveCfg = Debug|Any CPU
		{A329A4F0-CFB1-4695-8D61-382AA1B1445D}.Debug|x86.Build.0 = Debug|Any CPU
		{A329A4F0-CFB1-4695-8D61-382AA1B1445D}.Release|Any CPU.ActiveCfg = Release|Any CPU
		{A329A4F0-CFB1-4695-8D61-382AA1B1445D}.Release|Any CPU.Build.0 = Release|Any CPU
		{A329A4F0-CFB1-4695-8D61-382AA1B1445D}.Release|x64.ActiveCfg = Release|Any CPU
		{A329A4F0-CFB1-4695-8D61-382AA1B1445D}.Release|x64.Build.0 = Release|Any CPU
		{A329A4F0-CFB1-4695-8D61-382AA1B1445D}.Release|x86.ActiveCfg = Release|Any CPU
		{A329A4F0-CFB1-4695-8D61-382AA1B1445D}.Release|x86.Build.0 = Release|Any CPU
	EndGlobalSection
	GlobalSection(SolutionProperties) = preSolution
		HideSolutionNode = FALSE
	EndGlobalSection
	GlobalSection(NestedProjects) = preSolution
		{B16D72EC-0ABB-401E-8170-83C34922F652} = {827E0CD3-B72D-47B6-A68D-7590B98EB39B}
		{734D6467-F99A-48C4-9729-951E8C4E6E4B} = {827E0CD3-B72D-47B6-A68D-7590B98EB39B}
		{B7BF7BB8-B805-4AEE-812D-931D1FA11A52} = {827E0CD3-B72D-47B6-A68D-7590B98EB39B}
		{A329A4F0-CFB1-4695-8D61-382AA1B1445D} = {827E0CD3-B72D-47B6-A68D-7590B98EB39B}
	EndGlobalSection
EndGlobal
